
Microsoft Visual Studio Solution File, Format Version 12.00
# Visual Studio Version 17
VisualStudioVersion = 17.4.32916.344
MinimumVisualStudioVersion = 10.0.40219.1
Project("{FAE04EC0-301F-11D3-BF4B-00C04F79EFBC}") = "Lecture_12_ForLoops", "Lecture_12_ForLoops.csproj", "{60A24F7D-71F2-4E01-8FD4-5FCE7BC87294}"
EndProject
Global
	GlobalSection(SolutionConfigurationPlatforms) = preSolution
		Debug|Any CPU = Debug|Any CPU
		Release|Any CPU = Release|Any CPU
	EndGlobalSection
	GlobalSection(ProjectConfigurationPlatforms) = postSolution
		{60A24F7D-71F2-4E01-8FD4-5FCE7BC87294}.Debug|Any CPU.ActiveCfg = Debug|Any CPU
		{60A24F7D-71F2-4E01-8FD4-5FCE7BC87294}.Debug|Any CPU.Build.0 = Debug|Any CPU
		{60A24F7D-71F2-4E01-8FD4-5FCE7BC87294}.Release|Any CPU.ActiveCfg = Release|Any CPU
		{60A24F7D-71F2-4E01-8FD4-5FCE7BC87294}.Release|Any CPU.Build.0 = Release|Any CPU
	EndGlobalSection
	GlobalSection(SolutionProperties) = preSolution
		HideSolutionNode = FALSE
	EndGlobalSection
	GlobalSection(ExtensibilityGlobals) = postSolution
		SolutionGuid = {36682F37-E155-43B7-A78D-F26B06942929}
	EndGlobalSection
EndGlobal
